
Microsoft Visual Studio Solution File, Format Version 12.00
# Visual Studio 2013
VisualStudioVersion = 12.0.40629.0
MinimumVisualStudioVersion = 10.0.40219.1
Project("{FAE04EC0-301F-11D3-BF4B-00C04F79EFBC}") = "WebMartSite", "WebMartSite\WebMartSite.csproj", "{A057CBB2-7261-4BB0-AF9B-A1F1D3ED0403}"
EndProject
Project("{2150E333-8FDC-42A3-9474-1A3956D46DE8}") = "Solution Items", "Solution Items", "{B4EE39B4-B607-4746-BBCF-CE83A11752EA}"
	ProjectSection(SolutionItems) = preProject
		StyleSheet1.css = StyleSheet1.css
	EndProjectSection
EndProject
Global
	GlobalSection(SolutionConfigurationPlatforms) = preSolution
		Debug|Any CPU = Debug|Any CPU
		Release|Any CPU = Release|Any CPU
	EndGlobalSection
	GlobalSection(ProjectConfigurationPlatforms) = postSolution
		{A057CBB2-7261-4BB0-AF9B-A1F1D3ED0403}.Debug|Any CPU.ActiveCfg = Debug|Any CPU
		{A057CBB2-7261-4BB0-AF9B-A1F1D3ED0403}.Debug|Any CPU.Build.0 = Debug|Any CPU
		{A057CBB2-7261-4BB0-AF9B-A1F1D3ED0403}.Release|Any CPU.ActiveCfg = Release|Any CPU
		{A057CBB2-7261-4BB0-AF9B-A1F1D3ED0403}.Release|Any CPU.Build.0 = Release|Any CPU
	EndGlobalSection
	GlobalSection(SolutionProperties) = preSolution
		HideSolutionNode = FALSE
	EndGlobalSection
EndGlobal
