
Microsoft Visual Studio Solution File, Format Version 12.00
# Visual Studio 14
VisualStudioVersion = 14.0.24720.0
MinimumVisualStudioVersion = 10.0.40219.1
Project("{FAE04EC0-301F-11D3-BF4B-00C04F79EFBC}") = "WebMartSite", "WebMartSite\WebMartSite.csproj", "{A057CBB2-7261-4BB0-AF9B-A1F1D3ED0403}"
EndProject
Project("{00D1A9C2-B5F0-4AF3-8072-F6C62B433612}") = "WebmartDatabase", "WebmartDatabase\WebmartDatabase.sqlproj", "{AD0C4A73-D64A-4EAB-8210-C0AB84CC56AE}"
EndProject
Global
	GlobalSection(SolutionConfigurationPlatforms) = preSolution
		Debug|Any CPU = Debug|Any CPU
		Release|Any CPU = Release|Any CPU
	EndGlobalSection
	GlobalSection(ProjectConfigurationPlatforms) = postSolution
		{A057CBB2-7261-4BB0-AF9B-A1F1D3ED0403}.Debug|Any CPU.ActiveCfg = Debug|Any CPU
		{A057CBB2-7261-4BB0-AF9B-A1F1D3ED0403}.Debug|Any CPU.Build.0 = Debug|Any CPU
		{A057CBB2-7261-4BB0-AF9B-A1F1D3ED0403}.Release|Any CPU.ActiveCfg = Release|Any CPU
		{A057CBB2-7261-4BB0-AF9B-A1F1D3ED0403}.Release|Any CPU.Build.0 = Release|Any CPU
		{AD0C4A73-D64A-4EAB-8210-C0AB84CC56AE}.Debug|Any CPU.ActiveCfg = Debug|Any CPU
		{AD0C4A73-D64A-4EAB-8210-C0AB84CC56AE}.Debug|Any CPU.Build.0 = Debug|Any CPU
		{AD0C4A73-D64A-4EAB-8210-C0AB84CC56AE}.Debug|Any CPU.Deploy.0 = Debug|Any CPU
		{AD0C4A73-D64A-4EAB-8210-C0AB84CC56AE}.Release|Any CPU.ActiveCfg = Release|Any CPU
		{AD0C4A73-D64A-4EAB-8210-C0AB84CC56AE}.Release|Any CPU.Build.0 = Release|Any CPU
		{AD0C4A73-D64A-4EAB-8210-C0AB84CC56AE}.Release|Any CPU.Deploy.0 = Release|Any CPU
	EndGlobalSection
	GlobalSection(SolutionProperties) = preSolution
		HideSolutionNode = FALSE
	EndGlobalSection
EndGlobal
